// !$*UTF8*$!
{
	archiveVersion = 1;
	classes = {
	};
	objectVersion = 50;
	objects = {

/* Begin PBXBuildFile section */
		E44A11CD2211D28600F3A224 /* Flare_Swift.framework in Frameworks */ = {isa = PBXBuildFile; fileRef = E44A11C32211D28600F3A224 /* Flare_Swift.framework */; };
		E44A11D22211D28600F3A224 /* Flare_SwiftTests.swift in Sources */ = {isa = PBXBuildFile; fileRef = E44A11D12211D28600F3A224 /* Flare_SwiftTests.swift */; };
		E44A11D42211D28600F3A224 /* Flare_Swift.h in Headers */ = {isa = PBXBuildFile; fileRef = E44A11C62211D28600F3A224 /* Flare_Swift.h */; settings = {ATTRIBUTES = (Public, ); }; };
		E44A11DE2211D2B600F3A224 /* actor.swift in Sources */ = {isa = PBXBuildFile; fileRef = E44A11DD2211D2B600F3A224 /* actor.swift */; };
		E44A11E0221319A500F3A224 /* actor_artboard.swift in Sources */ = {isa = PBXBuildFile; fileRef = E44A11DF221319A500F3A224 /* actor_artboard.swift */; };
		E44A11E222131A7E00F3A224 /* actor_flags.swift in Sources */ = {isa = PBXBuildFile; fileRef = E44A11E122131A7E00F3A224 /* actor_flags.swift */; };
		E44A11E52213286000F3A224 /* vec2d.swift in Sources */ = {isa = PBXBuildFile; fileRef = E44A11E42213286000F3A224 /* vec2d.swift */; };
		E44A11E722137F8000F3A224 /* mat2d.swift in Sources */ = {isa = PBXBuildFile; fileRef = E44A11E622137F8000F3A224 /* mat2d.swift */; };
		E44A11E92213837F00F3A224 /* transform_components.swift in Sources */ = {isa = PBXBuildFile; fileRef = E44A11E82213837F00F3A224 /* transform_components.swift */; };
		E44A11EB22141AF500F3A224 /* aabb.swift in Sources */ = {isa = PBXBuildFile; fileRef = E44A11EA22141AF500F3A224 /* aabb.swift */; };
		E44A11ED221425B800F3A224 /* actor_component.swift in Sources */ = {isa = PBXBuildFile; fileRef = E44A11EC221425B800F3A224 /* actor_component.swift */; };
		E44A11EF22142CE900F3A224 /* actor_node.swift in Sources */ = {isa = PBXBuildFile; fileRef = E44A11EE22142CE900F3A224 /* actor_node.swift */; };
		E44A11F1221464F700F3A224 /* dependency_sorter.swift in Sources */ = {isa = PBXBuildFile; fileRef = E44A11F0221464F700F3A224 /* dependency_sorter.swift */; };
		E44A11F3221478F800F3A224 /* actor_constraint.swift in Sources */ = {isa = PBXBuildFile; fileRef = E44A11F2221478F800F3A224 /* actor_constraint.swift */; };
		E44A11F522156E2D00F3A224 /* actor_drawable.swift in Sources */ = {isa = PBXBuildFile; fileRef = E44A11F422156E2D00F3A224 /* actor_drawable.swift */; };
		E44A11F82215721F00F3A224 /* actor_animation.swift in Sources */ = {isa = PBXBuildFile; fileRef = E44A11F72215721F00F3A224 /* actor_animation.swift */; };
		E44A11FA2215742900F3A224 /* property_types.swift in Sources */ = {isa = PBXBuildFile; fileRef = E44A11F92215742900F3A224 /* property_types.swift */; };
		E44A11FC2215750600F3A224 /* keyframe.swift in Sources */ = {isa = PBXBuildFile; fileRef = E44A11FB2215750600F3A224 /* keyframe.swift */; };
		E44A11FE221576B200F3A224 /* stream_reader.swift in Sources */ = {isa = PBXBuildFile; fileRef = E44A11FD221576B200F3A224 /* stream_reader.swift */; };
		E44A120122157F2F00F3A224 /* binary_reader.swift in Sources */ = {isa = PBXBuildFile; fileRef = E44A120022157F2F00F3A224 /* binary_reader.swift */; };
		E44A12032215BB5200F3A224 /* json_reader.swift in Sources */ = {isa = PBXBuildFile; fileRef = E44A12022215BB5200F3A224 /* json_reader.swift */; };
		E44A12052216DF8500F3A224 /* actor_event.swift in Sources */ = {isa = PBXBuildFile; fileRef = E44A12042216DF8500F3A224 /* actor_event.swift */; };
		E44A12962219CB4D00F3A224 /* Filip.flr in Resources */ = {isa = PBXBuildFile; fileRef = E44A12932219C73900F3A224 /* Filip.flr */; };
		E44A129A221AB6B400F3A224 /* interpolator.swift in Sources */ = {isa = PBXBuildFile; fileRef = E44A1299221AB6B400F3A224 /* interpolator.swift */; };
		E44A129C221AB6D800F3A224 /* linear.swift in Sources */ = {isa = PBXBuildFile; fileRef = E44A129B221AB6D800F3A224 /* linear.swift */; };
		E44A129E221AB7A400F3A224 /* hold.swift in Sources */ = {isa = PBXBuildFile; fileRef = E44A129D221AB7A400F3A224 /* hold.swift */; };
		E44A12A0221AB7C100F3A224 /* cubic.swift in Sources */ = {isa = PBXBuildFile; fileRef = E44A129F221AB7C100F3A224 /* cubic.swift */; };
		E44A12A2221AB7EE00F3A224 /* cubic_ease.swift in Sources */ = {isa = PBXBuildFile; fileRef = E44A12A1221AB7EE00F3A224 /* cubic_ease.swift */; };
		E44A12A4221AFBCA00F3A224 /* keyframe_numeric.swift in Sources */ = {isa = PBXBuildFile; fileRef = E44A12A3221AFBCA00F3A224 /* keyframe_numeric.swift */; };
		E44A12A6221AFD1B00F3A224 /* keyframe_int.swift in Sources */ = {isa = PBXBuildFile; fileRef = E44A12A5221AFD1B00F3A224 /* keyframe_int.swift */; };
		E44A12A8221AFE2900F3A224 /* keyframe_property.swift in Sources */ = {isa = PBXBuildFile; fileRef = E44A12A7221AFE2900F3A224 /* keyframe_property.swift */; };
		E44A12AA221AFFE300F3A224 /* keyframe_transformations.swift in Sources */ = {isa = PBXBuildFile; fileRef = E44A12A9221AFFE300F3A224 /* keyframe_transformations.swift */; };
		E44A12AC221B063800F3A224 /* keyframe_opacity.swift in Sources */ = {isa = PBXBuildFile; fileRef = E44A12AB221B063800F3A224 /* keyframe_opacity.swift */; };
		E44A12AE221B065E00F3A224 /* keyframe_length.swift in Sources */ = {isa = PBXBuildFile; fileRef = E44A12AD221B065E00F3A224 /* keyframe_length.swift */; };
		E44A12B0221B06B300F3A224 /* keyframe_constraint.swift in Sources */ = {isa = PBXBuildFile; fileRef = E44A12AF221B06B200F3A224 /* keyframe_constraint.swift */; };
		E44A12B2221B06E900F3A224 /* keyframe_draworder.swift in Sources */ = {isa = PBXBuildFile; fileRef = E44A12B1221B06E900F3A224 /* keyframe_draworder.swift */; };
		E44A12B4221B0ADC00F3A224 /* keyframe_vertex_deform.swift in Sources */ = {isa = PBXBuildFile; fileRef = E44A12B3221B0ADC00F3A224 /* keyframe_vertex_deform.swift */; };
		E44A12B6221B0C2200F3A224 /* keyframe_trigger.swift in Sources */ = {isa = PBXBuildFile; fileRef = E44A12B5221B0C2200F3A224 /* keyframe_trigger.swift */; };
		E44A12B8221B0CDF00F3A224 /* keyframe_fill.swift in Sources */ = {isa = PBXBuildFile; fileRef = E44A12B7221B0CDF00F3A224 /* keyframe_fill.swift */; };
		E44A12BA221B6C1800F3A224 /* actor_path.swift in Sources */ = {isa = PBXBuildFile; fileRef = E44A12B9221B6C1800F3A224 /* actor_path.swift */; };
		E44A12BC221B6C4800F3A224 /* path_point.swift in Sources */ = {isa = PBXBuildFile; fileRef = E44A12BB221B6C4800F3A224 /* path_point.swift */; };
		E44A12BE221C165E00F3A224 /* actor_shape.swift in Sources */ = {isa = PBXBuildFile; fileRef = E44A12BD221C165E00F3A224 /* actor_shape.swift */; };
		E44A12C0221C1A7800F3A224 /* actor_skinnable.swift in Sources */ = {isa = PBXBuildFile; fileRef = E44A12BF221C1A7800F3A224 /* actor_skinnable.swift */; };
		E44A12C2221C598D00F3A224 /* actor_skin.swift in Sources */ = {isa = PBXBuildFile; fileRef = E44A12C1221C598D00F3A224 /* actor_skin.swift */; };
		E44A12C4221C6CA300F3A224 /* block_types.swift in Sources */ = {isa = PBXBuildFile; fileRef = E44A12C3221C6CA300F3A224 /* block_types.swift */; };
		E44A12C6221D6BB800F3A224 /* transform_space.swift in Sources */ = {isa = PBXBuildFile; fileRef = E44A12C5221D6BB800F3A224 /* transform_space.swift */; };
		E44A12C8221D6C0C00F3A224 /* actor_triangle.swift in Sources */ = {isa = PBXBuildFile; fileRef = E44A12C7221D6C0C00F3A224 /* actor_triangle.swift */; };
		E44A12CA221D755600F3A224 /* actor_star.swift in Sources */ = {isa = PBXBuildFile; fileRef = E44A12C9221D755600F3A224 /* actor_star.swift */; };
		E44A12CC221D78D500F3A224 /* actor_rectangle.swift in Sources */ = {isa = PBXBuildFile; fileRef = E44A12CB221D78D500F3A224 /* actor_rectangle.swift */; };
		E44A12CE221D7A8300F3A224 /* actor_polygon.swift in Sources */ = {isa = PBXBuildFile; fileRef = E44A12CD221D7A8300F3A224 /* actor_polygon.swift */; };
		E44A12D0221D7C9B00F3A224 /* actor_node_solo.swift in Sources */ = {isa = PBXBuildFile; fileRef = E44A12CF221D7C9B00F3A224 /* actor_node_solo.swift */; };
		E44A12D2221D7E7200F3A224 /* actor_ellipse.swift in Sources */ = {isa = PBXBuildFile; fileRef = E44A12D1221D7E7200F3A224 /* actor_ellipse.swift */; };
		E44A12D4221D7FF100F3A224 /* actor_color.swift in Sources */ = {isa = PBXBuildFile; fileRef = E44A12D3221D7FF100F3A224 /* actor_color.swift */; };
		E44A12D6221EA3B200F3A224 /* keyframe_path_vertices.swift in Sources */ = {isa = PBXBuildFile; fileRef = E44A12D5221EA3B200F3A224 /* keyframe_path_vertices.swift */; };
		E44A12D8221EAECE00F3A224 /* keyframe_stroke.swift in Sources */ = {isa = PBXBuildFile; fileRef = E44A12D7221EAECE00F3A224 /* keyframe_stroke.swift */; };
		E44A12DA221EB2F800F3A224 /* keyframe_radius.swift in Sources */ = {isa = PBXBuildFile; fileRef = E44A12D9221EB2F800F3A224 /* keyframe_radius.swift */; };
		E44A12DC221EB34200F3A224 /* keyframe_gradient.swift in Sources */ = {isa = PBXBuildFile; fileRef = E44A12DB221EB34200F3A224 /* keyframe_gradient.swift */; };
		E44A12DE221EB9C800F3A224 /* keyframe_shape.swift in Sources */ = {isa = PBXBuildFile; fileRef = E44A12DD221EB9C800F3A224 /* keyframe_shape.swift */; };
		E44A12E1221EBB9900F3A224 /* actork_ik_constraint.swift in Sources */ = {isa = PBXBuildFile; fileRef = E44A12E0221EBB9900F3A224 /* actork_ik_constraint.swift */; };
		E44A12E3221EBBA200F3A224 /* actor_targeted_constraint.swift in Sources */ = {isa = PBXBuildFile; fileRef = E44A12E2221EBBA200F3A224 /* actor_targeted_constraint.swift */; };
		E44A12E5221EBBAD00F3A224 /* actor_axis_constraint.swift in Sources */ = {isa = PBXBuildFile; fileRef = E44A12E4221EBBAD00F3A224 /* actor_axis_constraint.swift */; };
		E44A12E7221EBBB600F3A224 /* actor_scale_constraint.swift in Sources */ = {isa = PBXBuildFile; fileRef = E44A12E6221EBBB600F3A224 /* actor_scale_constraint.swift */; };
		E44A12E9221EBBBE00F3A224 /* actor_distance_constraint.swift in Sources */ = {isa = PBXBuildFile; fileRef = E44A12E8221EBBBE00F3A224 /* actor_distance_constraint.swift */; };
		E44A12EB221EBBC800F3A224 /* actor_rotation_constraint.swift in Sources */ = {isa = PBXBuildFile; fileRef = E44A12EA221EBBC800F3A224 /* actor_rotation_constraint.swift */; };
		E44A12ED221EBBD200F3A224 /* actor_transform_constraint.swift in Sources */ = {isa = PBXBuildFile; fileRef = E44A12EC221EBBD200F3A224 /* actor_transform_constraint.swift */; };
		E44A12EF221EBBDA00F3A224 /* actor_translation_constraint.swift in Sources */ = {isa = PBXBuildFile; fileRef = E44A12EE221EBBDA00F3A224 /* actor_translation_constraint.swift */; };
		E44A12F1221EEE4400F3A224 /* actor_image.swift in Sources */ = {isa = PBXBuildFile; fileRef = E44A12F0221EEE4400F3A224 /* actor_image.swift */; };
		E44A12F3221EF51700F3A224 /* keyframe_active_child.swift in Sources */ = {isa = PBXBuildFile; fileRef = E44A12F2221EF51700F3A224 /* keyframe_active_child.swift */; };
		E44A12F5221EF5AA00F3A224 /* keyframe_sequence.swift in Sources */ = {isa = PBXBuildFile; fileRef = E44A12F4221EF5AA00F3A224 /* keyframe_sequence.swift */; };
		E44A13332220124500F3A224 /* flare_actor.swift in Sources */ = {isa = PBXBuildFile; fileRef = E44A13322220124500F3A224 /* flare_actor.swift */; };
		E44A13362220196600F3A224 /* flare_path.swift in Sources */ = {isa = PBXBuildFile; fileRef = E44A13352220196600F3A224 /* flare_path.swift */; };
		E4532FCE22253727003337C8 /* flare_actor_paths.swift in Sources */ = {isa = PBXBuildFile; fileRef = E4532FCD22253727003337C8 /* flare_actor_paths.swift */; };
		E4532FD02225475E003337C8 /* flare_fill.swift in Sources */ = {isa = PBXBuildFile; fileRef = E4532FCF2225475E003337C8 /* flare_fill.swift */; };
		E4532FD222254AF6003337C8 /* flare_stroke.swift in Sources */ = {isa = PBXBuildFile; fileRef = E4532FD122254AF6003337C8 /* flare_stroke.swift */; };
		E4532FD422255381003337C8 /* flare_artboard.swift in Sources */ = {isa = PBXBuildFile; fileRef = E4532FD322255381003337C8 /* flare_artboard.swift */; };
		E4532FD62225545A003337C8 /* flare_shape.swift in Sources */ = {isa = PBXBuildFile; fileRef = E4532FD52225545A003337C8 /* flare_shape.swift */; };
		E4532FD822258484003337C8 /* flare_color_fill.swift in Sources */ = {isa = PBXBuildFile; fileRef = E4532FD722258484003337C8 /* flare_color_fill.swift */; };
		E4532FDA22258A1D003337C8 /* flare_color_stroke.swift in Sources */ = {isa = PBXBuildFile; fileRef = E4532FD922258A1D003337C8 /* flare_color_stroke.swift */; };
		E4532FDC22258C24003337C8 /* flare_gradient_fill.swift in Sources */ = {isa = PBXBuildFile; fileRef = E4532FDB22258C24003337C8 /* flare_gradient_fill.swift */; };
		E4532FE022269839003337C8 /* Circle.flr in Resources */ = {isa = PBXBuildFile; fileRef = E4532FDF22269839003337C8 /* Circle.flr */; };
/* End PBXBuildFile section */

/* Begin PBXContainerItemProxy section */
		E44A11CE2211D28600F3A224 /* PBXContainerItemProxy */ = {
			isa = PBXContainerItemProxy;
			containerPortal = E44A11BA2211D28600F3A224 /* Project object */;
			proxyType = 1;
			remoteGlobalIDString = E44A11C22211D28600F3A224;
			remoteInfo = "Flare-Swift";
		};
/* End PBXContainerItemProxy section */

/* Begin PBXFileReference section */
		E44A11C32211D28600F3A224 /* Flare_Swift.framework */ = {isa = PBXFileReference; explicitFileType = wrapper.framework; includeInIndex = 0; path = Flare_Swift.framework; sourceTree = BUILT_PRODUCTS_DIR; };
		E44A11C62211D28600F3A224 /* Flare_Swift.h */ = {isa = PBXFileReference; lastKnownFileType = sourcecode.c.h; path = Flare_Swift.h; sourceTree = "<group>"; };
		E44A11C72211D28600F3A224 /* Info.plist */ = {isa = PBXFileReference; lastKnownFileType = text.plist.xml; path = Info.plist; sourceTree = "<group>"; };
		E44A11CC2211D28600F3A224 /* Flare-SwiftTests.xctest */ = {isa = PBXFileReference; explicitFileType = wrapper.cfbundle; includeInIndex = 0; path = "Flare-SwiftTests.xctest"; sourceTree = BUILT_PRODUCTS_DIR; };
		E44A11D12211D28600F3A224 /* Flare_SwiftTests.swift */ = {isa = PBXFileReference; lastKnownFileType = sourcecode.swift; path = Flare_SwiftTests.swift; sourceTree = "<group>"; };
		E44A11D32211D28600F3A224 /* Info.plist */ = {isa = PBXFileReference; lastKnownFileType = text.plist.xml; path = Info.plist; sourceTree = "<group>"; };
		E44A11DD2211D2B600F3A224 /* actor.swift */ = {isa = PBXFileReference; lastKnownFileType = sourcecode.swift; path = actor.swift; sourceTree = "<group>"; };
		E44A11DF221319A500F3A224 /* actor_artboard.swift */ = {isa = PBXFileReference; lastKnownFileType = sourcecode.swift; path = actor_artboard.swift; sourceTree = "<group>"; };
		E44A11E122131A7E00F3A224 /* actor_flags.swift */ = {isa = PBXFileReference; lastKnownFileType = sourcecode.swift; path = actor_flags.swift; sourceTree = "<group>"; };
		E44A11E42213286000F3A224 /* vec2d.swift */ = {isa = PBXFileReference; lastKnownFileType = sourcecode.swift; path = vec2d.swift; sourceTree = "<group>"; };
		E44A11E622137F8000F3A224 /* mat2d.swift */ = {isa = PBXFileReference; lastKnownFileType = sourcecode.swift; path = mat2d.swift; sourceTree = "<group>"; };
		E44A11E82213837F00F3A224 /* transform_components.swift */ = {isa = PBXFileReference; lastKnownFileType = sourcecode.swift; path = transform_components.swift; sourceTree = "<group>"; };
		E44A11EA22141AF500F3A224 /* aabb.swift */ = {isa = PBXFileReference; lastKnownFileType = sourcecode.swift; path = aabb.swift; sourceTree = "<group>"; };
		E44A11EC221425B800F3A224 /* actor_component.swift */ = {isa = PBXFileReference; lastKnownFileType = sourcecode.swift; path = actor_component.swift; sourceTree = "<group>"; };
		E44A11EE22142CE900F3A224 /* actor_node.swift */ = {isa = PBXFileReference; lastKnownFileType = sourcecode.swift; path = actor_node.swift; sourceTree = "<group>"; };
		E44A11F0221464F700F3A224 /* dependency_sorter.swift */ = {isa = PBXFileReference; lastKnownFileType = sourcecode.swift; path = dependency_sorter.swift; sourceTree = "<group>"; };
		E44A11F2221478F800F3A224 /* actor_constraint.swift */ = {isa = PBXFileReference; lastKnownFileType = sourcecode.swift; path = actor_constraint.swift; sourceTree = "<group>"; };
		E44A11F422156E2D00F3A224 /* actor_drawable.swift */ = {isa = PBXFileReference; lastKnownFileType = sourcecode.swift; path = actor_drawable.swift; sourceTree = "<group>"; };
		E44A11F72215721F00F3A224 /* actor_animation.swift */ = {isa = PBXFileReference; lastKnownFileType = sourcecode.swift; path = actor_animation.swift; sourceTree = "<group>"; };
		E44A11F92215742900F3A224 /* property_types.swift */ = {isa = PBXFileReference; lastKnownFileType = sourcecode.swift; path = property_types.swift; sourceTree = "<group>"; };
		E44A11FB2215750600F3A224 /* keyframe.swift */ = {isa = PBXFileReference; lastKnownFileType = sourcecode.swift; path = keyframe.swift; sourceTree = "<group>"; };
		E44A11FD221576B200F3A224 /* stream_reader.swift */ = {isa = PBXFileReference; lastKnownFileType = sourcecode.swift; path = stream_reader.swift; sourceTree = "<group>"; };
		E44A120022157F2F00F3A224 /* binary_reader.swift */ = {isa = PBXFileReference; lastKnownFileType = sourcecode.swift; path = binary_reader.swift; sourceTree = "<group>"; };
		E44A12022215BB5200F3A224 /* json_reader.swift */ = {isa = PBXFileReference; lastKnownFileType = sourcecode.swift; path = json_reader.swift; sourceTree = "<group>"; };
		E44A12042216DF8500F3A224 /* actor_event.swift */ = {isa = PBXFileReference; lastKnownFileType = sourcecode.swift; path = actor_event.swift; sourceTree = "<group>"; };
		E44A12932219C73900F3A224 /* Filip.flr */ = {isa = PBXFileReference; lastKnownFileType = file; path = Filip.flr; sourceTree = "<group>"; };
		E44A1299221AB6B400F3A224 /* interpolator.swift */ = {isa = PBXFileReference; lastKnownFileType = sourcecode.swift; path = interpolator.swift; sourceTree = "<group>"; };
		E44A129B221AB6D800F3A224 /* linear.swift */ = {isa = PBXFileReference; lastKnownFileType = sourcecode.swift; path = linear.swift; sourceTree = "<group>"; };
		E44A129D221AB7A400F3A224 /* hold.swift */ = {isa = PBXFileReference; lastKnownFileType = sourcecode.swift; path = hold.swift; sourceTree = "<group>"; };
		E44A129F221AB7C100F3A224 /* cubic.swift */ = {isa = PBXFileReference; lastKnownFileType = sourcecode.swift; path = cubic.swift; sourceTree = "<group>"; };
		E44A12A1221AB7EE00F3A224 /* cubic_ease.swift */ = {isa = PBXFileReference; lastKnownFileType = sourcecode.swift; path = cubic_ease.swift; sourceTree = "<group>"; };
		E44A12A3221AFBCA00F3A224 /* keyframe_numeric.swift */ = {isa = PBXFileReference; lastKnownFileType = sourcecode.swift; path = keyframe_numeric.swift; sourceTree = "<group>"; };
		E44A12A5221AFD1B00F3A224 /* keyframe_int.swift */ = {isa = PBXFileReference; lastKnownFileType = sourcecode.swift; path = keyframe_int.swift; sourceTree = "<group>"; };
		E44A12A7221AFE2900F3A224 /* keyframe_property.swift */ = {isa = PBXFileReference; lastKnownFileType = sourcecode.swift; path = keyframe_property.swift; sourceTree = "<group>"; };
		E44A12A9221AFFE300F3A224 /* keyframe_transformations.swift */ = {isa = PBXFileReference; lastKnownFileType = sourcecode.swift; path = keyframe_transformations.swift; sourceTree = "<group>"; };
		E44A12AB221B063800F3A224 /* keyframe_opacity.swift */ = {isa = PBXFileReference; lastKnownFileType = sourcecode.swift; path = keyframe_opacity.swift; sourceTree = "<group>"; };
		E44A12AD221B065E00F3A224 /* keyframe_length.swift */ = {isa = PBXFileReference; lastKnownFileType = sourcecode.swift; path = keyframe_length.swift; sourceTree = "<group>"; };
		E44A12AF221B06B200F3A224 /* keyframe_constraint.swift */ = {isa = PBXFileReference; lastKnownFileType = sourcecode.swift; path = keyframe_constraint.swift; sourceTree = "<group>"; };
		E44A12B1221B06E900F3A224 /* keyframe_draworder.swift */ = {isa = PBXFileReference; lastKnownFileType = sourcecode.swift; path = keyframe_draworder.swift; sourceTree = "<group>"; };
		E44A12B3221B0ADC00F3A224 /* keyframe_vertex_deform.swift */ = {isa = PBXFileReference; lastKnownFileType = sourcecode.swift; path = keyframe_vertex_deform.swift; sourceTree = "<group>"; };
		E44A12B5221B0C2200F3A224 /* keyframe_trigger.swift */ = {isa = PBXFileReference; lastKnownFileType = sourcecode.swift; path = keyframe_trigger.swift; sourceTree = "<group>"; };
		E44A12B7221B0CDF00F3A224 /* keyframe_fill.swift */ = {isa = PBXFileReference; lastKnownFileType = sourcecode.swift; path = keyframe_fill.swift; sourceTree = "<group>"; };
		E44A12B9221B6C1800F3A224 /* actor_path.swift */ = {isa = PBXFileReference; lastKnownFileType = sourcecode.swift; path = actor_path.swift; sourceTree = "<group>"; };
		E44A12BB221B6C4800F3A224 /* path_point.swift */ = {isa = PBXFileReference; lastKnownFileType = sourcecode.swift; path = path_point.swift; sourceTree = "<group>"; };
		E44A12BD221C165E00F3A224 /* actor_shape.swift */ = {isa = PBXFileReference; lastKnownFileType = sourcecode.swift; path = actor_shape.swift; sourceTree = "<group>"; };
		E44A12BF221C1A7800F3A224 /* actor_skinnable.swift */ = {isa = PBXFileReference; lastKnownFileType = sourcecode.swift; path = actor_skinnable.swift; sourceTree = "<group>"; };
		E44A12C1221C598D00F3A224 /* actor_skin.swift */ = {isa = PBXFileReference; lastKnownFileType = sourcecode.swift; path = actor_skin.swift; sourceTree = "<group>"; };
		E44A12C3221C6CA300F3A224 /* block_types.swift */ = {isa = PBXFileReference; lastKnownFileType = sourcecode.swift; path = block_types.swift; sourceTree = "<group>"; };
		E44A12C5221D6BB800F3A224 /* transform_space.swift */ = {isa = PBXFileReference; lastKnownFileType = sourcecode.swift; path = transform_space.swift; sourceTree = "<group>"; };
		E44A12C7221D6C0C00F3A224 /* actor_triangle.swift */ = {isa = PBXFileReference; lastKnownFileType = sourcecode.swift; path = actor_triangle.swift; sourceTree = "<group>"; };
		E44A12C9221D755600F3A224 /* actor_star.swift */ = {isa = PBXFileReference; lastKnownFileType = sourcecode.swift; path = actor_star.swift; sourceTree = "<group>"; };
		E44A12CB221D78D500F3A224 /* actor_rectangle.swift */ = {isa = PBXFileReference; lastKnownFileType = sourcecode.swift; path = actor_rectangle.swift; sourceTree = "<group>"; };
		E44A12CD221D7A8300F3A224 /* actor_polygon.swift */ = {isa = PBXFileReference; lastKnownFileType = sourcecode.swift; path = actor_polygon.swift; sourceTree = "<group>"; };
		E44A12CF221D7C9B00F3A224 /* actor_node_solo.swift */ = {isa = PBXFileReference; lastKnownFileType = sourcecode.swift; path = actor_node_solo.swift; sourceTree = "<group>"; };
		E44A12D1221D7E7200F3A224 /* actor_ellipse.swift */ = {isa = PBXFileReference; lastKnownFileType = sourcecode.swift; path = actor_ellipse.swift; sourceTree = "<group>"; };
		E44A12D3221D7FF100F3A224 /* actor_color.swift */ = {isa = PBXFileReference; lastKnownFileType = sourcecode.swift; path = actor_color.swift; sourceTree = "<group>"; };
		E44A12D5221EA3B200F3A224 /* keyframe_path_vertices.swift */ = {isa = PBXFileReference; lastKnownFileType = sourcecode.swift; path = keyframe_path_vertices.swift; sourceTree = "<group>"; };
		E44A12D7221EAECE00F3A224 /* keyframe_stroke.swift */ = {isa = PBXFileReference; lastKnownFileType = sourcecode.swift; path = keyframe_stroke.swift; sourceTree = "<group>"; };
		E44A12D9221EB2F800F3A224 /* keyframe_radius.swift */ = {isa = PBXFileReference; lastKnownFileType = sourcecode.swift; path = keyframe_radius.swift; sourceTree = "<group>"; };
		E44A12DB221EB34200F3A224 /* keyframe_gradient.swift */ = {isa = PBXFileReference; lastKnownFileType = sourcecode.swift; path = keyframe_gradient.swift; sourceTree = "<group>"; };
		E44A12DD221EB9C800F3A224 /* keyframe_shape.swift */ = {isa = PBXFileReference; lastKnownFileType = sourcecode.swift; path = keyframe_shape.swift; sourceTree = "<group>"; };
		E44A12E0221EBB9900F3A224 /* actork_ik_constraint.swift */ = {isa = PBXFileReference; lastKnownFileType = sourcecode.swift; path = actork_ik_constraint.swift; sourceTree = "<group>"; };
		E44A12E2221EBBA200F3A224 /* actor_targeted_constraint.swift */ = {isa = PBXFileReference; lastKnownFileType = sourcecode.swift; path = actor_targeted_constraint.swift; sourceTree = "<group>"; };
		E44A12E4221EBBAD00F3A224 /* actor_axis_constraint.swift */ = {isa = PBXFileReference; lastKnownFileType = sourcecode.swift; path = actor_axis_constraint.swift; sourceTree = "<group>"; };
		E44A12E6221EBBB600F3A224 /* actor_scale_constraint.swift */ = {isa = PBXFileReference; lastKnownFileType = sourcecode.swift; path = actor_scale_constraint.swift; sourceTree = "<group>"; };
		E44A12E8221EBBBE00F3A224 /* actor_distance_constraint.swift */ = {isa = PBXFileReference; lastKnownFileType = sourcecode.swift; path = actor_distance_constraint.swift; sourceTree = "<group>"; };
		E44A12EA221EBBC800F3A224 /* actor_rotation_constraint.swift */ = {isa = PBXFileReference; lastKnownFileType = sourcecode.swift; path = actor_rotation_constraint.swift; sourceTree = "<group>"; };
		E44A12EC221EBBD200F3A224 /* actor_transform_constraint.swift */ = {isa = PBXFileReference; lastKnownFileType = sourcecode.swift; path = actor_transform_constraint.swift; sourceTree = "<group>"; };
		E44A12EE221EBBDA00F3A224 /* actor_translation_constraint.swift */ = {isa = PBXFileReference; lastKnownFileType = sourcecode.swift; path = actor_translation_constraint.swift; sourceTree = "<group>"; };
		E44A12F0221EEE4400F3A224 /* actor_image.swift */ = {isa = PBXFileReference; lastKnownFileType = sourcecode.swift; path = actor_image.swift; sourceTree = "<group>"; };
		E44A12F2221EF51700F3A224 /* keyframe_active_child.swift */ = {isa = PBXFileReference; lastKnownFileType = sourcecode.swift; path = keyframe_active_child.swift; sourceTree = "<group>"; };
		E44A12F4221EF5AA00F3A224 /* keyframe_sequence.swift */ = {isa = PBXFileReference; lastKnownFileType = sourcecode.swift; path = keyframe_sequence.swift; sourceTree = "<group>"; };
		E44A13322220124500F3A224 /* flare_actor.swift */ = {isa = PBXFileReference; lastKnownFileType = sourcecode.swift; path = flare_actor.swift; sourceTree = "<group>"; };
		E44A13352220196600F3A224 /* flare_path.swift */ = {isa = PBXFileReference; lastKnownFileType = sourcecode.swift; path = flare_path.swift; sourceTree = "<group>"; };
		E44A133722204C9F00F3A224 /* .gitignore */ = {isa = PBXFileReference; lastKnownFileType = text; name = .gitignore; path = ../.gitignore; sourceTree = "<group>"; };
		E4532FCD22253727003337C8 /* flare_actor_paths.swift */ = {isa = PBXFileReference; lastKnownFileType = sourcecode.swift; path = flare_actor_paths.swift; sourceTree = "<group>"; };
		E4532FCF2225475E003337C8 /* flare_fill.swift */ = {isa = PBXFileReference; lastKnownFileType = sourcecode.swift; path = flare_fill.swift; sourceTree = "<group>"; };
		E4532FD122254AF6003337C8 /* flare_stroke.swift */ = {isa = PBXFileReference; lastKnownFileType = sourcecode.swift; path = flare_stroke.swift; sourceTree = "<group>"; };
		E4532FD322255381003337C8 /* flare_artboard.swift */ = {isa = PBXFileReference; lastKnownFileType = sourcecode.swift; path = flare_artboard.swift; sourceTree = "<group>"; };
		E4532FD52225545A003337C8 /* flare_shape.swift */ = {isa = PBXFileReference; lastKnownFileType = sourcecode.swift; path = flare_shape.swift; sourceTree = "<group>"; };
		E4532FD722258484003337C8 /* flare_color_fill.swift */ = {isa = PBXFileReference; lastKnownFileType = sourcecode.swift; path = flare_color_fill.swift; sourceTree = "<group>"; };
		E4532FD922258A1D003337C8 /* flare_color_stroke.swift */ = {isa = PBXFileReference; lastKnownFileType = sourcecode.swift; path = flare_color_stroke.swift; sourceTree = "<group>"; };
		E4532FDB22258C24003337C8 /* flare_gradient_fill.swift */ = {isa = PBXFileReference; lastKnownFileType = sourcecode.swift; path = flare_gradient_fill.swift; sourceTree = "<group>"; };
		E4532FDF22269839003337C8 /* Circle.flr */ = {isa = PBXFileReference; fileEncoding = 4; lastKnownFileType = text; path = Circle.flr; sourceTree = "<group>"; };
/* End PBXFileReference section */

/* Begin PBXFrameworksBuildPhase section */
		E44A11C02211D28600F3A224 /* Frameworks */ = {
			isa = PBXFrameworksBuildPhase;
			buildActionMask = 2147483647;
			files = (
			);
			runOnlyForDeploymentPostprocessing = 0;
		};
		E44A11C92211D28600F3A224 /* Frameworks */ = {
			isa = PBXFrameworksBuildPhase;
			buildActionMask = 2147483647;
			files = (
				E44A11CD2211D28600F3A224 /* Flare_Swift.framework in Frameworks */,
			);
			runOnlyForDeploymentPostprocessing = 0;
		};
/* End PBXFrameworksBuildPhase section */

/* Begin PBXGroup section */
		E44A11B92211D28600F3A224 = {
			isa = PBXGroup;
			children = (
				E44A133722204C9F00F3A224 /* .gitignore */,
				E44A1331222011EE00F3A224 /* Flare-CoreGraphics */,
				E44A11C52211D28600F3A224 /* Flare-Swift */,
				E44A11D02211D28600F3A224 /* Flare-SwiftTests */,
				E44A11C42211D28600F3A224 /* Products */,
			);
			sourceTree = "<group>";
		};
		E44A11C42211D28600F3A224 /* Products */ = {
			isa = PBXGroup;
			children = (
				E44A11C32211D28600F3A224 /* Flare_Swift.framework */,
				E44A11CC2211D28600F3A224 /* Flare-SwiftTests.xctest */,
			);
			name = Products;
			sourceTree = "<group>";
		};
		E44A11C52211D28600F3A224 /* Flare-Swift */ = {
			isa = PBXGroup;
			children = (
				E44A11C62211D28600F3A224 /* Flare_Swift.h */,
				E44A11C72211D28600F3A224 /* Info.plist */,
				E44A11DF221319A500F3A224 /* actor_artboard.swift */,
				E44A12D3221D7FF100F3A224 /* actor_color.swift */,
				E44A11EC221425B800F3A224 /* actor_component.swift */,
				E44A11F422156E2D00F3A224 /* actor_drawable.swift */,
				E44A12D1221D7E7200F3A224 /* actor_ellipse.swift */,
				E44A12042216DF8500F3A224 /* actor_event.swift */,
				E44A11E122131A7E00F3A224 /* actor_flags.swift */,
				E44A12CF221D7C9B00F3A224 /* actor_node_solo.swift */,
				E44A11EE22142CE900F3A224 /* actor_node.swift */,
				E44A12B9221B6C1800F3A224 /* actor_path.swift */,
				E44A12CD221D7A8300F3A224 /* actor_polygon.swift */,
				E44A12CB221D78D500F3A224 /* actor_rectangle.swift */,
				E44A12BD221C165E00F3A224 /* actor_shape.swift */,
				E44A12C1221C598D00F3A224 /* actor_skin.swift */,
				E44A12BF221C1A7800F3A224 /* actor_skinnable.swift */,
				E44A12C9221D755600F3A224 /* actor_star.swift */,
				E44A12C7221D6C0C00F3A224 /* actor_triangle.swift */,
				E44A11DD2211D2B600F3A224 /* actor.swift */,
				E44A12C3221C6CA300F3A224 /* block_types.swift */,
				E44A11F0221464F700F3A224 /* dependency_sorter.swift */,
				E44A12BB221B6C4800F3A224 /* path_point.swift */,
				E44A12C5221D6BB800F3A224 /* transform_space.swift */,
				E44A11F62215721400F3A224 /* animation */,
				E44A12DF221EBB5400F3A224 /* constraints */,
				E44A11E32213284F00F3A224 /* math */,
				E44A11FF221578CF00F3A224 /* reader */,
				E44A12F0221EEE4400F3A224 /* actor_image.swift */,
			);
			path = "Flare-Swift";
			sourceTree = "<group>";
		};
		E44A11D02211D28600F3A224 /* Flare-SwiftTests */ = {
			isa = PBXGroup;
			children = (
				E44A12952219CB3100F3A224 /* TestFiles */,
				E44A11D12211D28600F3A224 /* Flare_SwiftTests.swift */,
				E44A11D32211D28600F3A224 /* Info.plist */,
			);
			path = "Flare-SwiftTests";
			sourceTree = "<group>";
		};
		E44A11E32213284F00F3A224 /* math */ = {
			isa = PBXGroup;
			children = (
				E44A11E42213286000F3A224 /* vec2d.swift */,
				E44A11E622137F8000F3A224 /* mat2d.swift */,
				E44A11E82213837F00F3A224 /* transform_components.swift */,
				E44A11EA22141AF500F3A224 /* aabb.swift */,
			);
			path = math;
			sourceTree = "<group>";
		};
		E44A11F62215721400F3A224 /* animation */ = {
			isa = PBXGroup;
			children = (
				E44A1298221AB6A200F3A224 /* keyframes */,
				E44A1297221AB69A00F3A224 /* interpolation */,
				E44A11F72215721F00F3A224 /* actor_animation.swift */,
				E44A11F92215742900F3A224 /* property_types.swift */,
			);
			path = animation;
			sourceTree = "<group>";
		};
		E44A11FF221578CF00F3A224 /* reader */ = {
			isa = PBXGroup;
			children = (
				E44A11FD221576B200F3A224 /* stream_reader.swift */,
				E44A120022157F2F00F3A224 /* binary_reader.swift */,
				E44A12022215BB5200F3A224 /* json_reader.swift */,
			);
			path = reader;
			sourceTree = "<group>";
		};
		E44A12952219CB3100F3A224 /* TestFiles */ = {
			isa = PBXGroup;
			children = (
				E4532FDF22269839003337C8 /* Circle.flr */,
				E44A12932219C73900F3A224 /* Filip.flr */,
			);
			path = TestFiles;
			sourceTree = "<group>";
		};
		E44A1297221AB69A00F3A224 /* interpolation */ = {
			isa = PBXGroup;
			children = (
				E44A1299221AB6B400F3A224 /* interpolator.swift */,
				E44A129B221AB6D800F3A224 /* linear.swift */,
				E44A129D221AB7A400F3A224 /* hold.swift */,
				E44A129F221AB7C100F3A224 /* cubic.swift */,
				E44A12A1221AB7EE00F3A224 /* cubic_ease.swift */,
			);
			path = interpolation;
			sourceTree = "<group>";
		};
		E44A1298221AB6A200F3A224 /* keyframes */ = {
			isa = PBXGroup;
			children = (
				E44A12AF221B06B200F3A224 /* keyframe_constraint.swift */,
				E44A12B1221B06E900F3A224 /* keyframe_draworder.swift */,
				E44A12B7221B0CDF00F3A224 /* keyframe_fill.swift */,
				E44A12DB221EB34200F3A224 /* keyframe_gradient.swift */,
				E44A12A5221AFD1B00F3A224 /* keyframe_int.swift */,
				E44A12AD221B065E00F3A224 /* keyframe_length.swift */,
				E44A12A3221AFBCA00F3A224 /* keyframe_numeric.swift */,
				E44A12AB221B063800F3A224 /* keyframe_opacity.swift */,
				E44A12D5221EA3B200F3A224 /* keyframe_path_vertices.swift */,
				E44A12A7221AFE2900F3A224 /* keyframe_property.swift */,
				E44A12D9221EB2F800F3A224 /* keyframe_radius.swift */,
				E44A12DD221EB9C800F3A224 /* keyframe_shape.swift */,
				E44A12D7221EAECE00F3A224 /* keyframe_stroke.swift */,
				E44A12A9221AFFE300F3A224 /* keyframe_transformations.swift */,
				E44A12B5221B0C2200F3A224 /* keyframe_trigger.swift */,
				E44A12B3221B0ADC00F3A224 /* keyframe_vertex_deform.swift */,
				E44A11FB2215750600F3A224 /* keyframe.swift */,
				E44A12F2221EF51700F3A224 /* keyframe_active_child.swift */,
				E44A12F4221EF5AA00F3A224 /* keyframe_sequence.swift */,
			);
			path = keyframes;
			sourceTree = "<group>";
		};
		E44A12DF221EBB5400F3A224 /* constraints */ = {
			isa = PBXGroup;
			children = (
				E44A11F2221478F800F3A224 /* actor_constraint.swift */,
				E44A12E0221EBB9900F3A224 /* actork_ik_constraint.swift */,
				E44A12E2221EBBA200F3A224 /* actor_targeted_constraint.swift */,
				E44A12E4221EBBAD00F3A224 /* actor_axis_constraint.swift */,
				E44A12E6221EBBB600F3A224 /* actor_scale_constraint.swift */,
				E44A12E8221EBBBE00F3A224 /* actor_distance_constraint.swift */,
				E44A12EA221EBBC800F3A224 /* actor_rotation_constraint.swift */,
				E44A12EC221EBBD200F3A224 /* actor_transform_constraint.swift */,
				E44A12EE221EBBDA00F3A224 /* actor_translation_constraint.swift */,
			);
			path = constraints;
			sourceTree = "<group>";
		};
		E44A1331222011EE00F3A224 /* Flare-CoreGraphics */ = {
			isa = PBXGroup;
			children = (
				E44A13322220124500F3A224 /* flare_actor.swift */,
				E44A13352220196600F3A224 /* flare_path.swift */,
				E4532FCD22253727003337C8 /* flare_actor_paths.swift */,
				E4532FCF2225475E003337C8 /* flare_fill.swift */,
				E4532FD122254AF6003337C8 /* flare_stroke.swift */,
				E4532FD322255381003337C8 /* flare_artboard.swift */,
				E4532FD52225545A003337C8 /* flare_shape.swift */,
				E4532FD722258484003337C8 /* flare_color_fill.swift */,
				E4532FD922258A1D003337C8 /* flare_color_stroke.swift */,
				E4532FDB22258C24003337C8 /* flare_gradient_fill.swift */,
			);
			path = "Flare-CoreGraphics";
			sourceTree = "<group>";
		};
/* End PBXGroup section */

/* Begin PBXHeadersBuildPhase section */
		E44A11BE2211D28600F3A224 /* Headers */ = {
			isa = PBXHeadersBuildPhase;
			buildActionMask = 2147483647;
			files = (
				E44A11D42211D28600F3A224 /* Flare_Swift.h in Headers */,
			);
			runOnlyForDeploymentPostprocessing = 0;
		};
/* End PBXHeadersBuildPhase section */

/* Begin PBXNativeTarget section */
		E44A11C22211D28600F3A224 /* Flare-Swift */ = {
			isa = PBXNativeTarget;
			buildConfigurationList = E44A11D72211D28600F3A224 /* Build configuration list for PBXNativeTarget "Flare-Swift" */;
			buildPhases = (
				E44A11BE2211D28600F3A224 /* Headers */,
				E44A11BF2211D28600F3A224 /* Sources */,
				E44A11C02211D28600F3A224 /* Frameworks */,
				E44A11C12211D28600F3A224 /* Resources */,
			);
			buildRules = (
			);
			dependencies = (
			);
			name = "Flare-Swift";
			productName = "Flare-Swift";
			productReference = E44A11C32211D28600F3A224 /* Flare_Swift.framework */;
			productType = "com.apple.product-type.framework";
		};
		E44A11CB2211D28600F3A224 /* Flare-SwiftTests */ = {
			isa = PBXNativeTarget;
			buildConfigurationList = E44A11DA2211D28600F3A224 /* Build configuration list for PBXNativeTarget "Flare-SwiftTests" */;
			buildPhases = (
				E44A11C82211D28600F3A224 /* Sources */,
				E44A11C92211D28600F3A224 /* Frameworks */,
				E44A11CA2211D28600F3A224 /* Resources */,
			);
			buildRules = (
			);
			dependencies = (
				E44A11CF2211D28600F3A224 /* PBXTargetDependency */,
			);
			name = "Flare-SwiftTests";
			productName = "Flare-SwiftTests";
			productReference = E44A11CC2211D28600F3A224 /* Flare-SwiftTests.xctest */;
			productType = "com.apple.product-type.bundle.unit-test";
		};
/* End PBXNativeTarget section */

/* Begin PBXProject section */
		E44A11BA2211D28600F3A224 /* Project object */ = {
			isa = PBXProject;
			attributes = {
				LastSwiftUpdateCheck = 1010;
				LastUpgradeCheck = 1010;
				ORGANIZATIONNAME = 2Dimensions;
				TargetAttributes = {
					E44A11C22211D28600F3A224 = {
						CreatedOnToolsVersion = 10.1;
						LastSwiftMigration = 1010;
					};
					E44A11CB2211D28600F3A224 = {
						CreatedOnToolsVersion = 10.1;
					};
				};
			};
			buildConfigurationList = E44A11BD2211D28600F3A224 /* Build configuration list for PBXProject "Flare-Swift" */;
			compatibilityVersion = "Xcode 9.3";
			developmentRegion = en;
			hasScannedForEncodings = 0;
			knownRegions = (
				en,
			);
			mainGroup = E44A11B92211D28600F3A224;
			productRefGroup = E44A11C42211D28600F3A224 /* Products */;
			projectDirPath = "";
			projectRoot = "";
			targets = (
				E44A11C22211D28600F3A224 /* Flare-Swift */,
				E44A11CB2211D28600F3A224 /* Flare-SwiftTests */,
			);
		};
/* End PBXProject section */

/* Begin PBXResourcesBuildPhase section */
		E44A11C12211D28600F3A224 /* Resources */ = {
			isa = PBXResourcesBuildPhase;
			buildActionMask = 2147483647;
			files = (
			);
			runOnlyForDeploymentPostprocessing = 0;
		};
		E44A11CA2211D28600F3A224 /* Resources */ = {
			isa = PBXResourcesBuildPhase;
			buildActionMask = 2147483647;
			files = (
				E4532FE022269839003337C8 /* Circle.flr in Resources */,
				E44A12962219CB4D00F3A224 /* Filip.flr in Resources */,
			);
			runOnlyForDeploymentPostprocessing = 0;
		};
/* End PBXResourcesBuildPhase section */

/* Begin PBXSourcesBuildPhase section */
		E44A11BF2211D28600F3A224 /* Sources */ = {
			isa = PBXSourcesBuildPhase;
			buildActionMask = 2147483647;
			files = (
				E44A12BA221B6C1800F3A224 /* actor_path.swift in Sources */,
				E44A12F1221EEE4400F3A224 /* actor_image.swift in Sources */,
				E44A12ED221EBBD200F3A224 /* actor_transform_constraint.swift in Sources */,
				E44A11E92213837F00F3A224 /* transform_components.swift in Sources */,
				E44A12D4221D7FF100F3A224 /* actor_color.swift in Sources */,
				E44A12CE221D7A8300F3A224 /* actor_polygon.swift in Sources */,
				E44A12B4221B0ADC00F3A224 /* keyframe_vertex_deform.swift in Sources */,
				E44A11E722137F8000F3A224 /* mat2d.swift in Sources */,
				E44A12F3221EF51700F3A224 /* keyframe_active_child.swift in Sources */,
				E44A12E3221EBBA200F3A224 /* actor_targeted_constraint.swift in Sources */,
				E44A11E222131A7E00F3A224 /* actor_flags.swift in Sources */,
				E44A12DC221EB34200F3A224 /* keyframe_gradient.swift in Sources */,
				E4532FD422255381003337C8 /* flare_artboard.swift in Sources */,
				E44A12A0221AB7C100F3A224 /* cubic.swift in Sources */,
				E44A129C221AB6D800F3A224 /* linear.swift in Sources */,
				E44A11ED221425B800F3A224 /* actor_component.swift in Sources */,
				E44A12D8221EAECE00F3A224 /* keyframe_stroke.swift in Sources */,
				E44A120122157F2F00F3A224 /* binary_reader.swift in Sources */,
				E44A12A6221AFD1B00F3A224 /* keyframe_int.swift in Sources */,
				E44A11EB22141AF500F3A224 /* aabb.swift in Sources */,
				E44A12C4221C6CA300F3A224 /* block_types.swift in Sources */,
				E44A12052216DF8500F3A224 /* actor_event.swift in Sources */,
				E44A11F522156E2D00F3A224 /* actor_drawable.swift in Sources */,
				E44A12A8221AFE2900F3A224 /* keyframe_property.swift in Sources */,
				E4532FDC22258C24003337C8 /* flare_gradient_fill.swift in Sources */,
				E44A12A4221AFBCA00F3A224 /* keyframe_numeric.swift in Sources */,
				E44A12BE221C165E00F3A224 /* actor_shape.swift in Sources */,
				E44A11E0221319A500F3A224 /* actor_artboard.swift in Sources */,
				E44A12AA221AFFE300F3A224 /* keyframe_transformations.swift in Sources */,
				E44A12E1221EBB9900F3A224 /* actork_ik_constraint.swift in Sources */,
				E44A11EF22142CE900F3A224 /* actor_node.swift in Sources */,
				E44A12B2221B06E900F3A224 /* keyframe_draworder.swift in Sources */,
				E44A11F3221478F800F3A224 /* actor_constraint.swift in Sources */,
				E44A12032215BB5200F3A224 /* json_reader.swift in Sources */,
				E44A11E52213286000F3A224 /* vec2d.swift in Sources */,
				E44A129E221AB7A400F3A224 /* hold.swift in Sources */,
				E44A12EF221EBBDA00F3A224 /* actor_translation_constraint.swift in Sources */,
				E44A12DE221EB9C800F3A224 /* keyframe_shape.swift in Sources */,
				E44A12C2221C598D00F3A224 /* actor_skin.swift in Sources */,
				E4532FD62225545A003337C8 /* flare_shape.swift in Sources */,
				E44A12E9221EBBBE00F3A224 /* actor_distance_constraint.swift in Sources */,
				E44A12D0221D7C9B00F3A224 /* actor_node_solo.swift in Sources */,
				E44A13362220196600F3A224 /* flare_path.swift in Sources */,
				E44A11FA2215742900F3A224 /* property_types.swift in Sources */,
				E44A12C8221D6C0C00F3A224 /* actor_triangle.swift in Sources */,
				E44A12AC221B063800F3A224 /* keyframe_opacity.swift in Sources */,
				E44A11FC2215750600F3A224 /* keyframe.swift in Sources */,
				E4532FD222254AF6003337C8 /* flare_stroke.swift in Sources */,
				E44A12DA221EB2F800F3A224 /* keyframe_radius.swift in Sources */,
				E4532FD822258484003337C8 /* flare_color_fill.swift in Sources */,
				E44A12E7221EBBB600F3A224 /* actor_scale_constraint.swift in Sources */,
				E44A12BC221B6C4800F3A224 /* path_point.swift in Sources */,
				E44A11FE221576B200F3A224 /* stream_reader.swift in Sources */,
				E44A12D6221EA3B200F3A224 /* keyframe_path_vertices.swift in Sources */,
				E44A129A221AB6B400F3A224 /* interpolator.swift in Sources */,
				E44A12CA221D755600F3A224 /* actor_star.swift in Sources */,
				E44A12D2221D7E7200F3A224 /* actor_ellipse.swift in Sources */,
				E44A11DE2211D2B600F3A224 /* actor.swift in Sources */,
				E44A11F1221464F700F3A224 /* dependency_sorter.swift in Sources */,
				E4532FDA22258A1D003337C8 /* flare_color_stroke.swift in Sources */,
				E4532FD02225475E003337C8 /* flare_fill.swift in Sources */,
				E44A12AE221B065E00F3A224 /* keyframe_length.swift in Sources */,
				E44A12EB221EBBC800F3A224 /* actor_rotation_constraint.swift in Sources */,
				E44A12A2221AB7EE00F3A224 /* cubic_ease.swift in Sources */,
				E44A12CC221D78D500F3A224 /* actor_rectangle.swift in Sources */,
				E44A11F82215721F00F3A224 /* actor_animation.swift in Sources */,
				E44A12B6221B0C2200F3A224 /* keyframe_trigger.swift in Sources */,
				E44A12B8221B0CDF00F3A224 /* keyframe_fill.swift in Sources */,
				E44A12E5221EBBAD00F3A224 /* actor_axis_constraint.swift in Sources */,
				E44A12F5221EF5AA00F3A224 /* keyframe_sequence.swift in Sources */,
				E4532FCE22253727003337C8 /* flare_actor_paths.swift in Sources */,
				E44A13332220124500F3A224 /* flare_actor.swift in Sources */,
				E44A12C6221D6BB800F3A224 /* transform_space.swift in Sources */,
				E44A12B0221B06B300F3A224 /* keyframe_constraint.swift in Sources */,
				E44A12C0221C1A7800F3A224 /* actor_skinnable.swift in Sources */,
			);
			runOnlyForDeploymentPostprocessing = 0;
		};
		E44A11C82211D28600F3A224 /* Sources */ = {
			isa = PBXSourcesBuildPhase;
			buildActionMask = 2147483647;
			files = (
				E44A11D22211D28600F3A224 /* Flare_SwiftTests.swift in Sources */,
			);
			runOnlyForDeploymentPostprocessing = 0;
		};
/* End PBXSourcesBuildPhase section */

/* Begin PBXTargetDependency section */
		E44A11CF2211D28600F3A224 /* PBXTargetDependency */ = {
			isa = PBXTargetDependency;
			target = E44A11C22211D28600F3A224 /* Flare-Swift */;
			targetProxy = E44A11CE2211D28600F3A224 /* PBXContainerItemProxy */;
		};
/* End PBXTargetDependency section */

/* Begin XCBuildConfiguration section */
		E44A11D52211D28600F3A224 /* Debug */ = {
			isa = XCBuildConfiguration;
			buildSettings = {
				ALWAYS_SEARCH_USER_PATHS = NO;
				CLANG_ANALYZER_NONNULL = YES;
				CLANG_ANALYZER_NUMBER_OBJECT_CONVERSION = YES_AGGRESSIVE;
				CLANG_CXX_LANGUAGE_STANDARD = "gnu++14";
				CLANG_CXX_LIBRARY = "libc++";
				CLANG_ENABLE_MODULES = YES;
				CLANG_ENABLE_OBJC_ARC = YES;
				CLANG_ENABLE_OBJC_WEAK = YES;
				CLANG_WARN_BLOCK_CAPTURE_AUTORELEASING = YES;
				CLANG_WARN_BOOL_CONVERSION = YES;
				CLANG_WARN_COMMA = YES;
				CLANG_WARN_CONSTANT_CONVERSION = YES;
				CLANG_WARN_DEPRECATED_OBJC_IMPLEMENTATIONS = YES;
				CLANG_WARN_DIRECT_OBJC_ISA_USAGE = YES_ERROR;
				CLANG_WARN_DOCUMENTATION_COMMENTS = YES;
				CLANG_WARN_EMPTY_BODY = YES;
				CLANG_WARN_ENUM_CONVERSION = YES;
				CLANG_WARN_INFINITE_RECURSION = YES;
				CLANG_WARN_INT_CONVERSION = YES;
				CLANG_WARN_NON_LITERAL_NULL_CONVERSION = YES;
				CLANG_WARN_OBJC_IMPLICIT_RETAIN_SELF = YES;
				CLANG_WARN_OBJC_LITERAL_CONVERSION = YES;
				CLANG_WARN_OBJC_ROOT_CLASS = YES_ERROR;
				CLANG_WARN_RANGE_LOOP_ANALYSIS = YES;
				CLANG_WARN_STRICT_PROTOTYPES = YES;
				CLANG_WARN_SUSPICIOUS_MOVE = YES;
				CLANG_WARN_UNGUARDED_AVAILABILITY = YES_AGGRESSIVE;
				CLANG_WARN_UNREACHABLE_CODE = YES;
				CLANG_WARN__DUPLICATE_METHOD_MATCH = YES;
				CODE_SIGN_IDENTITY = "Mac Developer";
				COPY_PHASE_STRIP = NO;
				CURRENT_PROJECT_VERSION = 1;
				DEBUG_INFORMATION_FORMAT = dwarf;
				ENABLE_STRICT_OBJC_MSGSEND = YES;
				ENABLE_TESTABILITY = YES;
				FRAMEWORK_SEARCH_PATHS = "";
				GCC_C_LANGUAGE_STANDARD = gnu11;
				GCC_DYNAMIC_NO_PIC = NO;
				GCC_NO_COMMON_BLOCKS = YES;
				GCC_OPTIMIZATION_LEVEL = 0;
				GCC_PREPROCESSOR_DEFINITIONS = (
					"DEBUG=1",
					"$(inherited)",
				);
				GCC_WARN_64_TO_32_BIT_CONVERSION = YES;
				GCC_WARN_ABOUT_RETURN_TYPE = YES_ERROR;
				GCC_WARN_UNDECLARED_SELECTOR = YES;
				GCC_WARN_UNINITIALIZED_AUTOS = YES_AGGRESSIVE;
				GCC_WARN_UNUSED_FUNCTION = YES;
				GCC_WARN_UNUSED_VARIABLE = YES;
				IPHONEOS_DEPLOYMENT_TARGET = 12.1;
				LD_RUNPATH_SEARCH_PATHS = "";
				MACOSX_DEPLOYMENT_TARGET = 10.14;
				MTL_ENABLE_DEBUG_INFO = INCLUDE_SOURCE;
				MTL_FAST_MATH = YES;
				ONLY_ACTIVE_ARCH = YES;
				RESOURCES_TARGETED_DEVICE_FAMILY = "";
				SDKROOT = macosx;
				SUPPORTED_PLATFORMS = "macosx iphonesimulator iphoneos";
				SWIFT_ACTIVE_COMPILATION_CONDITIONS = DEBUG;
				SWIFT_OPTIMIZATION_LEVEL = "-Onone";
				VALID_ARCHS = "i386 x86_64";
				VERSIONING_SYSTEM = "apple-generic";
				VERSION_INFO_PREFIX = "";
			};
			name = Debug;
		};
		E44A11D62211D28600F3A224 /* Release */ = {
			isa = XCBuildConfiguration;
			buildSettings = {
				ALWAYS_SEARCH_USER_PATHS = NO;
				CLANG_ANALYZER_NONNULL = YES;
				CLANG_ANALYZER_NUMBER_OBJECT_CONVERSION = YES_AGGRESSIVE;
				CLANG_CXX_LANGUAGE_STANDARD = "gnu++14";
				CLANG_CXX_LIBRARY = "libc++";
				CLANG_ENABLE_MODULES = YES;
				CLANG_ENABLE_OBJC_ARC = YES;
				CLANG_ENABLE_OBJC_WEAK = YES;
				CLANG_WARN_BLOCK_CAPTURE_AUTORELEASING = YES;
				CLANG_WARN_BOOL_CONVERSION = YES;
				CLANG_WARN_COMMA = YES;
				CLANG_WARN_CONSTANT_CONVERSION = YES;
				CLANG_WARN_DEPRECATED_OBJC_IMPLEMENTATIONS = YES;
				CLANG_WARN_DIRECT_OBJC_ISA_USAGE = YES_ERROR;
				CLANG_WARN_DOCUMENTATION_COMMENTS = YES;
				CLANG_WARN_EMPTY_BODY = YES;
				CLANG_WARN_ENUM_CONVERSION = YES;
				CLANG_WARN_INFINITE_RECURSION = YES;
				CLANG_WARN_INT_CONVERSION = YES;
				CLANG_WARN_NON_LITERAL_NULL_CONVERSION = YES;
				CLANG_WARN_OBJC_IMPLICIT_RETAIN_SELF = YES;
				CLANG_WARN_OBJC_LITERAL_CONVERSION = YES;
				CLANG_WARN_OBJC_ROOT_CLASS = YES_ERROR;
				CLANG_WARN_RANGE_LOOP_ANALYSIS = YES;
				CLANG_WARN_STRICT_PROTOTYPES = YES;
				CLANG_WARN_SUSPICIOUS_MOVE = YES;
				CLANG_WARN_UNGUARDED_AVAILABILITY = YES_AGGRESSIVE;
				CLANG_WARN_UNREACHABLE_CODE = YES;
				CLANG_WARN__DUPLICATE_METHOD_MATCH = YES;
				CODE_SIGN_IDENTITY = "Mac Developer";
				COPY_PHASE_STRIP = NO;
				CURRENT_PROJECT_VERSION = 1;
				DEBUG_INFORMATION_FORMAT = "dwarf-with-dsym";
				ENABLE_NS_ASSERTIONS = NO;
				ENABLE_STRICT_OBJC_MSGSEND = YES;
				FRAMEWORK_SEARCH_PATHS = "";
				GCC_C_LANGUAGE_STANDARD = gnu11;
				GCC_NO_COMMON_BLOCKS = YES;
				GCC_WARN_64_TO_32_BIT_CONVERSION = YES;
				GCC_WARN_ABOUT_RETURN_TYPE = YES_ERROR;
				GCC_WARN_UNDECLARED_SELECTOR = YES;
				GCC_WARN_UNINITIALIZED_AUTOS = YES_AGGRESSIVE;
				GCC_WARN_UNUSED_FUNCTION = YES;
				GCC_WARN_UNUSED_VARIABLE = YES;
				IPHONEOS_DEPLOYMENT_TARGET = 12.1;
				LD_RUNPATH_SEARCH_PATHS = "";
				MACOSX_DEPLOYMENT_TARGET = 10.14;
				MTL_ENABLE_DEBUG_INFO = NO;
				MTL_FAST_MATH = YES;
				RESOURCES_TARGETED_DEVICE_FAMILY = "";
				SDKROOT = macosx;
				SUPPORTED_PLATFORMS = "macosx iphonesimulator iphoneos";
				SWIFT_COMPILATION_MODE = wholemodule;
				SWIFT_OPTIMIZATION_LEVEL = "-O";
				VALID_ARCHS = "i386 x86_64";
				VERSIONING_SYSTEM = "apple-generic";
				VERSION_INFO_PREFIX = "";
			};
			name = Release;
		};
		E44A11D82211D28600F3A224 /* Debug */ = {
			isa = XCBuildConfiguration;
			buildSettings = {
				CLANG_ENABLE_MODULES = YES;
				CODE_SIGN_IDENTITY = "Mac Developer";
				CODE_SIGN_STYLE = Automatic;
				COMBINE_HIDPI_IMAGES = YES;
				DEFINES_MODULE = YES;
				DEVELOPMENT_TEAM = "";
				DYLIB_COMPATIBILITY_VERSION = 1;
				DYLIB_CURRENT_VERSION = 1;
				DYLIB_INSTALL_NAME_BASE = "@rpath";
				FRAMEWORK_VERSION = A;
				INFOPLIST_FILE = "Flare-Swift/Info.plist";
				INSTALL_PATH = "$(LOCAL_LIBRARY_DIR)/Frameworks";
				LD_RUNPATH_SEARCH_PATHS = (
					"$(inherited)",
					"@executable_path/../Frameworks",
					"@loader_path/Frameworks",
				);
				PRODUCT_BUNDLE_IDENTIFIER = "twoDimensions.Flare-Swift";
				PRODUCT_NAME = "$(TARGET_NAME:c99extidentifier)";
				PROVISIONING_PROFILE_SPECIFIER = "";
				SKIP_INSTALL = YES;
				SWIFT_OPTIMIZATION_LEVEL = "-Onone";
				SWIFT_VERSION = 4.2;
			};
			name = Debug;
		};
		E44A11D92211D28600F3A224 /* Release */ = {
			isa = XCBuildConfiguration;
			buildSettings = {
				CLANG_ENABLE_MODULES = YES;
				CODE_SIGN_IDENTITY = "Mac Developer";
				CODE_SIGN_STYLE = Automatic;
				COMBINE_HIDPI_IMAGES = YES;
				DEFINES_MODULE = YES;
				DEVELOPMENT_TEAM = "";
				DYLIB_COMPATIBILITY_VERSION = 1;
				DYLIB_CURRENT_VERSION = 1;
				DYLIB_INSTALL_NAME_BASE = "@rpath";
				FRAMEWORK_VERSION = A;
				INFOPLIST_FILE = "Flare-Swift/Info.plist";
				INSTALL_PATH = "$(LOCAL_LIBRARY_DIR)/Frameworks";
				LD_RUNPATH_SEARCH_PATHS = (
					"$(inherited)",
					"@executable_path/../Frameworks",
					"@loader_path/Frameworks",
				);
				PRODUCT_BUNDLE_IDENTIFIER = "twoDimensions.Flare-Swift";
				PRODUCT_NAME = "$(TARGET_NAME:c99extidentifier)";
				PROVISIONING_PROFILE_SPECIFIER = "";
				SKIP_INSTALL = YES;
				SWIFT_VERSION = 4.2;
			};
			name = Release;
		};
		E44A11DB2211D28600F3A224 /* Debug */ = {
			isa = XCBuildConfiguration;
			buildSettings = {
				ALWAYS_EMBED_SWIFT_STANDARD_LIBRARIES = YES;
				CODE_SIGN_STYLE = Automatic;
				COMBINE_HIDPI_IMAGES = YES;
				DEVELOPMENT_TEAM = NJ3JMFUNS9;
				INFOPLIST_FILE = "Flare-SwiftTests/Info.plist";
				LD_RUNPATH_SEARCH_PATHS = (
					"$(inherited)",
					"@executable_path/../Frameworks",
					"@loader_path/../Frameworks",
				);
				PRODUCT_BUNDLE_IDENTIFIER = "twoDimensions.Flare-SwiftTests";
				PRODUCT_NAME = "$(TARGET_NAME)";
				SWIFT_VERSION = 4.2;
			};
			name = Debug;
		};
		E44A11DC2211D28600F3A224 /* Release */ = {
			isa = XCBuildConfiguration;
			buildSettings = {
				ALWAYS_EMBED_SWIFT_STANDARD_LIBRARIES = YES;
				CODE_SIGN_STYLE = Automatic;
				COMBINE_HIDPI_IMAGES = YES;
				DEVELOPMENT_TEAM = NJ3JMFUNS9;
				INFOPLIST_FILE = "Flare-SwiftTests/Info.plist";
				LD_RUNPATH_SEARCH_PATHS = (
					"$(inherited)",
					"@executable_path/../Frameworks",
					"@loader_path/../Frameworks",
				);
				PRODUCT_BUNDLE_IDENTIFIER = "twoDimensions.Flare-SwiftTests";
				PRODUCT_NAME = "$(TARGET_NAME)";
				SWIFT_VERSION = 4.2;
			};
			name = Release;
		};
/* End XCBuildConfiguration section */

/* Begin XCConfigurationList section */
		E44A11BD2211D28600F3A224 /* Build configuration list for PBXProject "Flare-Swift" */ = {
			isa = XCConfigurationList;
			buildConfigurations = (
				E44A11D52211D28600F3A224 /* Debug */,
				E44A11D62211D28600F3A224 /* Release */,
			);
			defaultConfigurationIsVisible = 0;
			defaultConfigurationName = Release;
		};
		E44A11D72211D28600F3A224 /* Build configuration list for PBXNativeTarget "Flare-Swift" */ = {
			isa = XCConfigurationList;
			buildConfigurations = (
				E44A11D82211D28600F3A224 /* Debug */,
				E44A11D92211D28600F3A224 /* Release */,
			);
			defaultConfigurationIsVisible = 0;
			defaultConfigurationName = Release;
		};
		E44A11DA2211D28600F3A224 /* Build configuration list for PBXNativeTarget "Flare-SwiftTests" */ = {
			isa = XCConfigurationList;
			buildConfigurations = (
				E44A11DB2211D28600F3A224 /* Debug */,
				E44A11DC2211D28600F3A224 /* Release */,
			);
			defaultConfigurationIsVisible = 0;
			defaultConfigurationName = Release;
		};
/* End XCConfigurationList section */
	};
	rootObject = E44A11BA2211D28600F3A224 /* Project object */;
}
